
Microsoft Visual Studio Solution File, Format Version 12.00
# Visual Studio Version 16
VisualStudioVersion = 16.0.30114.105
MinimumVisualStudioVersion = 10.0.40219.1
Project("{FAE04EC0-301F-11D3-BF4B-00C04F79EFBC}") = "HttpTest", "HttpTest\HttpTest.csproj", "{F1FA817F-BD74-4262-9230-9E0E01652E1D}"
EndProject
Global
	GlobalSection(SolutionConfigurationPlatforms) = preSolution
		Debug|Any CPU = Debug|Any CPU
		Release|Any CPU = Release|Any CPU
	EndGlobalSection
	GlobalSection(ProjectConfigurationPlatforms) = postSolution
		{F1FA817F-BD74-4262-9230-9E0E01652E1D}.Debug|Any CPU.ActiveCfg = Debug|Any CPU
		{F1FA817F-BD74-4262-9230-9E0E01652E1D}.Debug|Any CPU.Build.0 = Debug|Any CPU
		{F1FA817F-BD74-4262-9230-9E0E01652E1D}.Release|Any CPU.ActiveCfg = Release|Any CPU
		{F1FA817F-BD74-4262-9230-9E0E01652E1D}.Release|Any CPU.Build.0 = Release|Any CPU
	EndGlobalSection
	GlobalSection(SolutionProperties) = preSolution
		HideSolutionNode = FALSE
	EndGlobalSection
	GlobalSection(ExtensibilityGlobals) = postSolution
		SolutionGuid = {5E7A5C85-3AEC-472C-9EC6-BA8586A95356}
	EndGlobalSection
EndGlobal
